
Microsoft Visual Studio Solution File, Format Version 12.00
# Visual Studio Version 16
VisualStudioVersion = 16.0.31321.278
MinimumVisualStudioVersion = 10.0.40219.1
Project("{9A19103F-16F7-4668-BE54-9A1E7A4F7556}") = "CoreDemo", "CoreDemo\CoreDemo.csproj", "{E3C1E3E4-7A39-42A2-9339-E1251B14484C}"
EndProject
Project("{9A19103F-16F7-4668-BE54-9A1E7A4F7556}") = "EntityLayer", "EntityLayer\EntityLayer.csproj", "{FF4F5FA2-E6B5-40FD-BCD3-75208461CC4D}"
EndProject
Project("{9A19103F-16F7-4668-BE54-9A1E7A4F7556}") = "DataAccessLayer", "DataAccessLayer\DataAccessLayer.csproj", "{5B891658-65D8-4687-A04B-B00FC5E13522}"
EndProject
Project("{9A19103F-16F7-4668-BE54-9A1E7A4F7556}") = "BusinessLayer", "BusinessLayer\BusinessLayer.csproj", "{46BF75F9-FAF4-4CB3-A75F-27469BE8AF07}"
EndProject
Project("{9A19103F-16F7-4668-BE54-9A1E7A4F7556}") = "CoreLayer", "CoreLayer\CoreLayer.csproj", "{513D58F7-EEEC-41E5-9F31-ED9A4B09DC95}"
EndProject
Global
	GlobalSection(SolutionConfigurationPlatforms) = preSolution
		Debug|Any CPU = Debug|Any CPU
		Release|Any CPU = Release|Any CPU
	EndGlobalSection
	GlobalSection(ProjectConfigurationPlatforms) = postSolution
		{E3C1E3E4-7A39-42A2-9339-E1251B14484C}.Debug|Any CPU.ActiveCfg = Debug|Any CPU
		{E3C1E3E4-7A39-42A2-9339-E1251B14484C}.Debug|Any CPU.Build.0 = Debug|Any CPU
		{E3C1E3E4-7A39-42A2-9339-E1251B14484C}.Release|Any CPU.ActiveCfg = Release|Any CPU
		{E3C1E3E4-7A39-42A2-9339-E1251B14484C}.Release|Any CPU.Build.0 = Release|Any CPU
		{FF4F5FA2-E6B5-40FD-BCD3-75208461CC4D}.Debug|Any CPU.ActiveCfg = Debug|Any CPU
		{FF4F5FA2-E6B5-40FD-BCD3-75208461CC4D}.Debug|Any CPU.Build.0 = Debug|Any CPU
		{FF4F5FA2-E6B5-40FD-BCD3-75208461CC4D}.Release|Any CPU.ActiveCfg = Release|Any CPU
		{FF4F5FA2-E6B5-40FD-BCD3-75208461CC4D}.Release|Any CPU.Build.0 = Release|Any CPU
		{5B891658-65D8-4687-A04B-B00FC5E13522}.Debug|Any CPU.ActiveCfg = Debug|Any CPU
		{5B891658-65D8-4687-A04B-B00FC5E13522}.Debug|Any CPU.Build.0 = Debug|Any CPU
		{5B891658-65D8-4687-A04B-B00FC5E13522}.Release|Any CPU.ActiveCfg = Release|Any CPU
		{5B891658-65D8-4687-A04B-B00FC5E13522}.Release|Any CPU.Build.0 = Release|Any CPU
		{46BF75F9-FAF4-4CB3-A75F-27469BE8AF07}.Debug|Any CPU.ActiveCfg = Debug|Any CPU
		{46BF75F9-FAF4-4CB3-A75F-27469BE8AF07}.Debug|Any CPU.Build.0 = Debug|Any CPU
		{46BF75F9-FAF4-4CB3-A75F-27469BE8AF07}.Release|Any CPU.ActiveCfg = Release|Any CPU
		{46BF75F9-FAF4-4CB3-A75F-27469BE8AF07}.Release|Any CPU.Build.0 = Release|Any CPU
		{513D58F7-EEEC-41E5-9F31-ED9A4B09DC95}.Debug|Any CPU.ActiveCfg = Debug|Any CPU
		{513D58F7-EEEC-41E5-9F31-ED9A4B09DC95}.Debug|Any CPU.Build.0 = Debug|Any CPU
		{513D58F7-EEEC-41E5-9F31-ED9A4B09DC95}.Release|Any CPU.ActiveCfg = Release|Any CPU
		{513D58F7-EEEC-41E5-9F31-ED9A4B09DC95}.Release|Any CPU.Build.0 = Release|Any CPU
	EndGlobalSection
	GlobalSection(SolutionProperties) = preSolution
		HideSolutionNode = FALSE
	EndGlobalSection
	GlobalSection(ExtensibilityGlobals) = postSolution
		SolutionGuid = {739EF7D5-AC0A-43CA-8F8D-4893E14405ED}
	EndGlobalSection
EndGlobal
